dependencies:
- name: gitlab
  repository: ""
  version: '*.*.*'
- name: certmanager-issuer
  repository: ""
  version: '*.*.*'
- name: minio
  repository: ""
  version: '*.*.*'
- name: registry
  repository: ""
  version: '*.*.*'
- name: cert-manager
  repository: https://charts.jetstack.io/
  version: v1.17.4
- name: prometheus
  repository: https://prometheus-community.github.io/helm-charts
  version: 27.39.0
- name: postgresql
  repository: https://charts.bitnami.com/bitnami
  version: 13.4.4
- name: gitlab-runner
  repository: https://charts.gitlab.io/
  version: 0.83.2
- name: redis
  repository: https://charts.bitnami.com/bitnami
  version: 18.19.4
- name: nginx-ingress
  repository: ""
  version: '*.*.*'
- name: nginx-ingress
  repository: ""
  version: '*.*.*'
- name: gitlab-zoekt
  repository: https://charts.gitlab.io/
  version: 3.7.1
- name: openbao
  repository: https://charts.gitlab.io/
  version: 0.9.0
- name: traefik
  repository: https://helm.traefik.io/traefik
  version: 10.19.4
- name: kubernetes-ingress
  repository: https://haproxytech.github.io/helm-charts
  version: 1.39.4
digest: sha256:a6e9e5f6ee5274d8661d7d209e1227d3273e4c2a8f6cb3f1c6eff7cf970b7c57
generated: "2025-11-26T13:00:48.657447162Z"
