dependencies:
- name: gitlab
  repository: ""
  version: '*.*.*'
- name: certmanager-issuer
  repository: ""
  version: '*.*.*'
- name: minio
  repository: ""
  version: '*.*.*'
- name: registry
  repository: ""
  version: '*.*.*'
- name: cert-manager
  repository: https://charts.jetstack.io/
  version: v1.17.4
- name: prometheus
  repository: https://prometheus-community.github.io/helm-charts
  version: 27.23.0
- name: postgresql
  repository: https://charts.bitnami.com/bitnami
  version: 13.4.4
- name: gitlab-runner
  repository: https://charts.gitlab.io/
  version: 0.78.1
- name: redis
  repository: https://charts.bitnami.com/bitnami
  version: 18.19.4
- name: nginx-ingress
  repository: ""
  version: '*.*.*'
- name: nginx-ingress
  repository: ""
  version: '*.*.*'
- name: gitlab-zoekt
  repository: https://charts.gitlab.io/
  version: 2.8.0
- name: openbao
  repository: https://charts.gitlab.io/
  version: 0.1.1
- name: traefik
  repository: https://helm.traefik.io/traefik
  version: 10.19.4
- name: kubernetes-ingress
  repository: https://haproxytech.github.io/helm-charts
  version: 1.32.0
digest: sha256:c411a7cdbe556cf170f77c6a3946851e4a2bd3432f03b7a058ae5120ed71c36e
generated: "2025-07-21T12:19:59.308989343Z"
